
Microsoft Visual Studio Solution File, Format Version 12.00
# Visual Studio 2012
Project("{E24C65DC-7377-472B-9ABA-BC803B73C61A}") = "Assignment4-MyWebCalculator", "http://localhost:2910", "{609C3A34-97F5-4873-848B-3C4FC491C370}"
	ProjectSection(WebsiteProperties) = preProject
		UseIISExpress = "true"
		TargetFrameworkMoniker = ".NETFramework,Version%3Dv4.5"
		Debug.AspNetCompiler.VirtualPath = "/localhost_2910"
		Debug.AspNetCompiler.PhysicalPath = "..\Assignment4-MyWebCalculator\"
		Debug.AspNetCompiler.TargetPath = "PrecompiledWeb\localhost_2910\"
		Debug.AspNetCompiler.Updateable = "true"
		Debug.AspNetCompiler.ForceOverwrite = "true"
		Debug.AspNetCompiler.FixedNames = "false"
		Debug.AspNetCompiler.Debug = "True"
		Release.AspNetCompiler.VirtualPath = "/localhost_2910"
		Release.AspNetCompiler.PhysicalPath = "..\Assignment4-MyWebCalculator\"
		Release.AspNetCompiler.TargetPath = "PrecompiledWeb\localhost_2910\"
		Release.AspNetCompiler.Updateable = "true"
		Release.AspNetCompiler.ForceOverwrite = "true"
		Release.AspNetCompiler.FixedNames = "false"
		Release.AspNetCompiler.Debug = "False"
		SlnRelativePath = "..\Assignment4-MyWebCalculator\"
		DefaultWebSiteLanguage = "Visual C#"
	EndProjectSection
EndProject
Global
	GlobalSection(SolutionConfigurationPlatforms) = preSolution
		Debug|Any CPU = Debug|Any CPU
	EndGlobalSection
	GlobalSection(ProjectConfigurationPlatforms) = postSolution
		{609C3A34-97F5-4873-848B-3C4FC491C370}.Debug|Any CPU.ActiveCfg = Debug|Any CPU
		{609C3A34-97F5-4873-848B-3C4FC491C370}.Debug|Any CPU.Build.0 = Debug|Any CPU
	EndGlobalSection
	GlobalSection(SolutionProperties) = preSolution
		HideSolutionNode = FALSE
	EndGlobalSection
EndGlobal
